version = 1
revision = 3
requires-python = ">=3.14"

[[package]]
name = "blog"
version = "1.0.0"
source = { virtual = "." }

[package.dev-dependencies]
dev = [
    { name = "rumdl" },
]

[package.metadata]

[package.metadata.requires-dev]
dev = [{ name = "rumdl", specifier = ">=0.1.94" }]

[[package]]
name = "rumdl"
version = "0.1.94"
source = { registry = "https://pypi.org/simple" }
sdist = { url = "https://files.pythonhosted.org/packages/ee/50/a41af636d13cc6c2eefeaf82bb217db568aa84b8ed42714637179b85e589/rumdl-0.1.94.tar.gz", hash = "sha256:a3eefca85fcb47f55fb9fa77ab8e178d6170e4dadd5561844ddec4ca8870f918", size = 2569063, upload-time = "2026-05-18T11:02:59.751Z" }
wheels = [
    { url = "https://files.pythonhosted.org/packages/4d/5a/424b87bd642ee5a850dc8816b910837926e90f405cc0bb6ac38bf6940960/rumdl-0.1.94-py3-none-macosx_10_12_x86_64.whl", hash = "sha256:3f1ebc3e82eefe55afa1b222d9033d28d6f9f995ad444d5c5d1e19e976522701", size = 5500874, upload-time = "2026-05-18T11:02:52.961Z" },
    { url = "https://files.pythonhosted.org/packages/80/73/7a56cc6c90590148346199c5b7fcced0e9a1a94b597322530aa479124dc0/rumdl-0.1.94-py3-none-macosx_11_0_arm64.whl", hash = "sha256:ce507e08fbfbd9d563aa16db81b05732446b4137f17cc7ae7a56a026a9e6a4fe", size = 5101724, upload-time = "2026-05-18T11:02:47.957Z" },
    { url = "https://files.pythonhosted.org/packages/c2/44/ac89da630f5dd1ff2689fb9a183016dac08621c93c18e1209f8dc43870aa/rumdl-0.1.94-py3-none-manylinux_2_28_aarch64.whl", hash = "sha256:492a035808bb7896d0443ff1171d9010fa4306c9fd49ffbe4dd8e0dd8e80e612", size = 5323244, upload-time = "2026-05-18T11:02:50.188Z" },
    { url = "https://files.pythonhosted.org/packages/1f/82/583ebcf37ad01f81dcfd2e1f671cd98b20f22d42020464c7db9533cd83d3/rumdl-0.1.94-py3-none-manylinux_2_28_x86_64.whl", hash = "sha256:68f7528d024987333ba1ecc4a3d74f9762d6714103ea1750976e25ecaddd293f", size = 5719316, upload-time = "2026-05-18T11:02:56.605Z" },
    { url = "https://files.pythonhosted.org/packages/fc/f9/68ba152ba83b7374945adbe9e80df78316a8c3557ee0102ef47a6a1d9afa/rumdl-0.1.94-py3-none-musllinux_1_2_aarch64.whl", hash = "sha256:3cfe081a7500742f84c00db0ee85fdd7f036c5d773a1a2164318d0a51e21dbdb", size = 5322868, upload-time = "2026-05-18T11:02:51.604Z" },
    { url = "https://files.pythonhosted.org/packages/47/02/475cbc1cf775115e7511685e9bb5abf9487ec315cac3128dfd035af0fd85/rumdl-0.1.94-py3-none-musllinux_1_2_x86_64.whl", hash = "sha256:1a011cef4521fe57fe4d3a7bb699a474b715ef9ed002ec0d6f9ca76d62d47b9f", size = 5719874, upload-time = "2026-05-18T11:02:58.115Z" },
    { url = "https://files.pythonhosted.org/packages/a1/18/f87c2a128eac1111c9c6a9cc8573ef8d58a24c08d084519bd294d78800ed/rumdl-0.1.94-py3-none-win_amd64.whl", hash = "sha256:da24f30b7e121cd42741644860e388b21133b5225a2b4ae7e9d9373534157820", size = 5786115, upload-time = "2026-05-18T11:02:54.578Z" },
]
