version = 1
revision = 3
requires-python = ">=3.14"

[[package]]
name = "blog"
version = "1.0.0"
source = { virtual = "." }

[package.dev-dependencies]
dev = [
    { name = "rumdl" },
]

[package.metadata]

[package.metadata.requires-dev]
dev = [{ name = "rumdl", specifier = ">=0.1.77" }]

[[package]]
name = "rumdl"
version = "0.1.77"
source = { registry = "https://pypi.org/simple" }
sdist = { url = "https://files.pythonhosted.org/packages/7a/78/3db8eeed814be36b7d318004a543732b56eaae98a372f3a24a968ee29188/rumdl-0.1.77.tar.gz", hash = "sha256:8b827abc6338f49e6a2b6901fc9d05f8d55b0a2c008c1c67f6f75bf26781f10c", size = 2333821, upload-time = "2026-04-21T07:11:46.849Z" }
wheels = [
    { url = "https://files.pythonhosted.org/packages/d6/77/3caba403ee5507b9d7234ac62dbce122b6209ccd52e9d81644f66ba8719c/rumdl-0.1.77-py3-none-macosx_10_12_x86_64.whl", hash = "sha256:f3f6ef8cadb571429435d94d5293aaa1692f782c683ea8931f98b57729815bda", size = 5297462, upload-time = "2026-04-21T07:11:40.439Z" },
    { url = "https://files.pythonhosted.org/packages/23/95/ca6d174f4df9cdb53f995200a2a326e54d3ceaa2f318e415ce1da8c828ad/rumdl-0.1.77-py3-none-macosx_11_0_arm64.whl", hash = "sha256:1e82485277394e23a259669ab0a8dc9e52aec65e3f740111c2d925acaf830f1c", size = 4913574, upload-time = "2026-04-21T07:11:34.99Z" },
    { url = "https://files.pythonhosted.org/packages/8f/96/c7b696fddf0695e8798007124e2e591052fbfcb7821c249b56fa11b4fbd8/rumdl-0.1.77-py3-none-manylinux_2_28_aarch64.whl", hash = "sha256:823b88d06b6923ddb79adfa126fa2db24b7a305914debdbead48ac910967fcf4", size = 5126959, upload-time = "2026-04-21T07:11:37.265Z" },
    { url = "https://files.pythonhosted.org/packages/7e/9e/3595bf070c3a6f2907ade6f6b9dd702929fdc4c83cf0c1a177d1c90f6e0d/rumdl-0.1.77-py3-none-manylinux_2_28_x86_64.whl", hash = "sha256:041147398af0d86a1c618e4dd0e9f434a389e6a1cf5b755904e98782f21bd159", size = 5519481, upload-time = "2026-04-21T07:11:43.256Z" },
    { url = "https://files.pythonhosted.org/packages/d5/65/d2b558bf6f013f64236c6bb1bca7184492101a0beb28c919e24d6b6c719f/rumdl-0.1.77-py3-none-musllinux_1_2_aarch64.whl", hash = "sha256:38c2cfb77912112060f4d9ae46b071b6277e53e9b0d5f5ee4e549fb344368316", size = 5129469, upload-time = "2026-04-21T07:11:38.75Z" },
    { url = "https://files.pythonhosted.org/packages/6c/08/d3dd490496ae246d149dc1b5610fedc0fe29f677f5b3c0c26685b716fc8e/rumdl-0.1.77-py3-none-musllinux_1_2_x86_64.whl", hash = "sha256:0c7275125e055d282ae7e748b5576155763613b73e6c77bfd0ed458a1407e193", size = 5516107, upload-time = "2026-04-21T07:11:45.034Z" },
    { url = "https://files.pythonhosted.org/packages/01/09/d826c3cfe0da0d9cd18c26834e8e69ff1bf2c6f6d5919d29806a9f1946ed/rumdl-0.1.77-py3-none-win_amd64.whl", hash = "sha256:a23fa3f2161eeafd1e665135b52a31a62f48b38c805ecac6193cbd2ff852e3c0", size = 5588377, upload-time = "2026-04-21T07:11:41.811Z" },
]
